
Microsoft Visual Studio Solution File, Format Version 12.00
# Visual Studio Version 17
VisualStudioVersion = 17.6.33815.320
MinimumVisualStudioVersion = 10.0.40219.1
Project("{9A19103F-16F7-4668-BE54-9A1E7A4F7556}") = "project-manage-system-backend", "project-manage-system-backend.csproj", "{EA4BD532-EC8C-41A1-9F01-E57192EDD106}"
EndProject
Global
	GlobalSection(SolutionConfigurationPlatforms) = preSolution
		Debug|Any CPU = Debug|Any CPU
		Release|Any CPU = Release|Any CPU
	EndGlobalSection
	GlobalSection(ProjectConfigurationPlatforms) = postSolution
		{EA4BD532-EC8C-41A1-9F01-E57192EDD106}.Debug|Any CPU.ActiveCfg = Debug|Any CPU
		{EA4BD532-EC8C-41A1-9F01-E57192EDD106}.Debug|Any CPU.Build.0 = Debug|Any CPU
		{EA4BD532-EC8C-41A1-9F01-E57192EDD106}.Release|Any CPU.ActiveCfg = Release|Any CPU
		{EA4BD532-EC8C-41A1-9F01-E57192EDD106}.Release|Any CPU.Build.0 = Release|Any CPU
	EndGlobalSection
	GlobalSection(SolutionProperties) = preSolution
		HideSolutionNode = FALSE
	EndGlobalSection
	GlobalSection(ExtensibilityGlobals) = postSolution
		SolutionGuid = {2EE9A293-F00A-47F3-B02B-E17E29B88126}
	EndGlobalSection
EndGlobal
